{
  "name": "NX_Web",
  "lockfileVersion": 3,
  "requires": true,
  "packages": {
    "": {
      "dependencies": {
        "babylonjs-addons": "^8.36.1"
      }
    },
    "node_modules/babylonjs": {
      "version": "8.36.1",
      "resolved": "https://registry.npmjs.org/babylonjs/-/babylonjs-8.36.1.tgz",
      "integrity": "sha512-8O3gTTeo4wqFbtg+uSrYj22gk9thYCHjjS/QPisKJZxMgC7bpOVACqHjd2R/Ksb7L18Vcu4Ta0BSN3qnHMnAxg==",
      "hasInstallScript": true,
      "license": "Apache-2.0"
    },
    "node_modules/babylonjs-addons": {
      "version": "8.36.1",
      "resolved": "https://registry.npmjs.org/babylonjs-addons/-/babylonjs-addons-8.36.1.tgz",
      "integrity": "sha512-VxqAjf4qSq8RrIznFnHElak62jTxUZda4/4ZJH7sTTEqTVJnueZwH9dp1jAn//2G4sRTQeGkmCoLtylPj2jbjw==",
      "license": "Apache-2.0",
      "dependencies": {
        "babylonjs": "^8.36.1"
      }
    }
  }
}
